// !$*UTF8*$!
{
	archiveVersion = 1;
	classes = {
	};
	objectVersion = 56;
	objects = {

/* Begin PBXBuildFile section */
		79EB92E429AEA87400362ACF /* AppDelegate.swift in Sources */ = {isa = PBXBuildFile; fileRef = 79EB92E329AEA87400362ACF /* AppDelegate.swift */; };
		79EB92E629AEA87400362ACF /* SceneDelegate.swift in Sources */ = {isa = PBXBuildFile; fileRef = 79EB92E529AEA87400362ACF /* SceneDelegate.swift */; };
		79EB92E829AEA87400362ACF /* ViewController.swift in Sources */ = {isa = PBXBuildFile; fileRef = 79EB92E729AEA87400362ACF /* ViewController.swift */; };
		79EB92EB29AEA87400362ACF /* Main.storyboard in Resources */ = {isa = PBXBuildFile; fileRef = 79EB92E929AEA87400362ACF /* Main.storyboard */; };
		79EB92ED29AEA87800362ACF /* Assets.xcassets in Resources */ = {isa = PBXBuildFile; fileRef = 79EB92EC29AEA87800362ACF /* Assets.xcassets */; };
		79EB92F029AEA87800362ACF /* LaunchScreen.storyboard in Resources */ = {isa = PBXBuildFile; fileRef = 79EB92EE29AEA87800362ACF /* LaunchScreen.storyboard */; };
		79EB92FB29AEA87800362ACF /* Menu_App_Fetch_iOSTests.swift in Sources */ = {isa = PBXBuildFile; fileRef = 79EB92FA29AEA87800362ACF /* Menu_App_Fetch_iOSTests.swift */; };
		79EB930529AEA87800362ACF /* Menu_App_Fetch_iOSUITests.swift in Sources */ = {isa = PBXBuildFile; fileRef = 79EB930429AEA87800362ACF /* Menu_App_Fetch_iOSUITests.swift */; };
		79EB930729AEA87800362ACF /* Menu_App_Fetch_iOSUITestsLaunchTests.swift in Sources */ = {isa = PBXBuildFile; fileRef = 79EB930629AEA87800362ACF /* Menu_App_Fetch_iOSUITestsLaunchTests.swift */; };
/* End PBXBuildFile section */

/* Begin PBXContainerItemProxy section */
		79EB92F729AEA87800362ACF /* PBXContainerItemProxy */ = {
			isa = PBXContainerItemProxy;
			containerPortal = 79EB92D829AEA87400362ACF /* Project object */;
			proxyType = 1;
			remoteGlobalIDString = 79EB92DF29AEA87400362ACF;
			remoteInfo = Menu_App_Fetch_iOS;
		};
		79EB930129AEA87800362ACF /* PBXContainerItemProxy */ = {
			isa = PBXContainerItemProxy;
			containerPortal = 79EB92D829AEA87400362ACF /* Project object */;
			proxyType = 1;
			remoteGlobalIDString = 79EB92DF29AEA87400362ACF;
			remoteInfo = Menu_App_Fetch_iOS;
		};
/* End PBXContainerItemProxy section */

/* Begin PBXFileReference section */
		79EB92E029AEA87400362ACF /* Menu_App_Fetch_iOS.app */ = {isa = PBXFileReference; explicitFileType = wrapper.application; includeInIndex = 0; path = Menu_App_Fetch_iOS.app; sourceTree = BUILT_PRODUCTS_DIR; };
		79EB92E329AEA87400362ACF /* AppDelegate.swift */ = {isa = PBXFileReference; lastKnownFileType = sourcecode.swift; path = AppDelegate.swift; sourceTree = "<group>"; };
		79EB92E529AEA87400362ACF /* SceneDelegate.swift */ = {isa = PBXFileReference; lastKnownFileType = sourcecode.swift; path = SceneDelegate.swift; sourceTree = "<group>"; };
		79EB92E729AEA87400362ACF /* ViewController.swift */ = {isa = PBXFileReference; lastKnownFileType = sourcecode.swift; path = ViewController.swift; sourceTree = "<group>"; };
		79EB92EA29AEA87400362ACF /* Base */ = {isa = PBXFileReference; lastKnownFileType = file.storyboard; name = Base; path = Base.lproj/Main.storyboard; sourceTree = "<group>"; };
		79EB92EC29AEA87800362ACF /* Assets.xcassets */ = {isa = PBXFileReference; lastKnownFileType = folder.assetcatalog; path = Assets.xcassets; sourceTree = "<group>"; };
		79EB92EF29AEA87800362ACF /* Base */ = {isa = PBXFileReference; lastKnownFileType = file.storyboard; name = Base; path = Base.lproj/LaunchScreen.storyboard; sourceTree = "<group>"; };
		79EB92F129AEA87800362ACF /* Info.plist */ = {isa = PBXFileReference; lastKnownFileType = text.plist.xml; path = Info.plist; sourceTree = "<group>"; };
		79EB92F629AEA87800362ACF /* Menu_App_Fetch_iOSTests.xctest */ = {isa = PBXFileReference; explicitFileType = wrapper.cfbundle; includeInIndex = 0; path = Menu_App_Fetch_iOSTests.xctest; sourceTree = BUILT_PRODUCTS_DIR; };
		79EB92FA29AEA87800362ACF /* Menu_App_Fetch_iOSTests.swift */ = {isa = PBXFileReference; lastKnownFileType = sourcecode.swift; path = Menu_App_Fetch_iOSTests.swift; sourceTree = "<group>"; };
		79EB930029AEA87800362ACF /* Menu_App_Fetch_iOSUITests.xctest */ = {isa = PBXFileReference; explicitFileType = wrapper.cfbundle; includeInIndex = 0; path = Menu_App_Fetch_iOSUITests.xctest; sourceTree = BUILT_PRODUCTS_DIR; };
		79EB930429AEA87800362ACF /* Menu_App_Fetch_iOSUITests.swift */ = {isa = PBXFileReference; lastKnownFileType = sourcecode.swift; path = Menu_App_Fetch_iOSUITests.swift; sourceTree = "<group>"; };
		79EB930629AEA87800362ACF /* Menu_App_Fetch_iOSUITestsLaunchTests.swift */ = {isa = PBXFileReference; lastKnownFileType = sourcecode.swift; path = Menu_App_Fetch_iOSUITestsLaunchTests.swift; sourceTree = "<group>"; };
/* End PBXFileReference section */

/* Begin PBXFrameworksBuildPhase section */
		79EB92DD29AEA87400362ACF /* Frameworks */ = {
			isa = PBXFrameworksBuildPhase;
			buildActionMask = 2147483647;
			files = (
			);
			runOnlyForDeploymentPostprocessing = 0;
		};
		79EB92F329AEA87800362ACF /* Frameworks */ = {
			isa = PBXFrameworksBuildPhase;
			buildActionMask = 2147483647;
			files = (
			);
			runOnlyForDeploymentPostprocessing = 0;
		};
		79EB92FD29AEA87800362ACF /* Frameworks */ = {
			isa = PBXFrameworksBuildPhase;
			buildActionMask = 2147483647;
			files = (
			);
			runOnlyForDeploymentPostprocessing = 0;
		};
/* End PBXFrameworksBuildPhase section */

/* Begin PBXGroup section */
		79EB92D729AEA87400362ACF = {
			isa = PBXGroup;
			children = (
				79EB92E229AEA87400362ACF /* Menu_App_Fetch_iOS */,
				79EB92F929AEA87800362ACF /* Menu_App_Fetch_iOSTests */,
				79EB930329AEA87800362ACF /* Menu_App_Fetch_iOSUITests */,
				79EB92E129AEA87400362ACF /* Products */,
			);
			sourceTree = "<group>";
		};
		79EB92E129AEA87400362ACF /* Products */ = {
			isa = PBXGroup;
			children = (
				79EB92E029AEA87400362ACF /* Menu_App_Fetch_iOS.app */,
				79EB92F629AEA87800362ACF /* Menu_App_Fetch_iOSTests.xctest */,
				79EB930029AEA87800362ACF /* Menu_App_Fetch_iOSUITests.xctest */,
			);
			name = Products;
			sourceTree = "<group>";
		};
		79EB92E229AEA87400362ACF /* Menu_App_Fetch_iOS */ = {
			isa = PBXGroup;
			children = (
				79EB92E329AEA87400362ACF /* AppDelegate.swift */,
				79EB92E529AEA87400362ACF /* SceneDelegate.swift */,
				79EB92E729AEA87400362ACF /* ViewController.swift */,
				79EB92E929AEA87400362ACF /* Main.storyboard */,
				79EB92EC29AEA87800362ACF /* Assets.xcassets */,
				79EB92EE29AEA87800362ACF /* LaunchScreen.storyboard */,
				79EB92F129AEA87800362ACF /* Info.plist */,
			);
			path = Menu_App_Fetch_iOS;
			sourceTree = "<group>";
		};
		79EB92F929AEA87800362ACF /* Menu_App_Fetch_iOSTests */ = {
			isa = PBXGroup;
			children = (
				79EB92FA29AEA87800362ACF /* Menu_App_Fetch_iOSTests.swift */,
			);
			path = Menu_App_Fetch_iOSTests;
			sourceTree = "<group>";
		};
		79EB930329AEA87800362ACF /* Menu_App_Fetch_iOSUITests */ = {
			isa = PBXGroup;
			children = (
				79EB930429AEA87800362ACF /* Menu_App_Fetch_iOSUITests.swift */,
				79EB930629AEA87800362ACF /* Menu_App_Fetch_iOSUITestsLaunchTests.swift */,
			);
			path = Menu_App_Fetch_iOSUITests;
			sourceTree = "<group>";
		};
/* End PBXGroup section */

/* Begin PBXNativeTarget section */
		79EB92DF29AEA87400362ACF /* Menu_App_Fetch_iOS */ = {
			isa = PBXNativeTarget;
			buildConfigurationList = 79EB930A29AEA87800362ACF /* Build configuration list for PBXNativeTarget "Menu_App_Fetch_iOS" */;
			buildPhases = (
				79EB92DC29AEA87400362ACF /* Sources */,
				79EB92DD29AEA87400362ACF /* Frameworks */,
				79EB92DE29AEA87400362ACF /* Resources */,
			);
			buildRules = (
			);
			dependencies = (
			);
			name = Menu_App_Fetch_iOS;
			productName = Menu_App_Fetch_iOS;
			productReference = 79EB92E029AEA87400362ACF /* Menu_App_Fetch_iOS.app */;
			productType = "com.apple.product-type.application";
		};
		79EB92F529AEA87800362ACF /* Menu_App_Fetch_iOSTests */ = {
			isa = PBXNativeTarget;
			buildConfigurationList = 79EB930D29AEA87800362ACF /* Build configuration list for PBXNativeTarget "Menu_App_Fetch_iOSTests" */;
			buildPhases = (
				79EB92F229AEA87800362ACF /* Sources */,
				79EB92F329AEA87800362ACF /* Frameworks */,
				79EB92F429AEA87800362ACF /* Resources */,
			);
			buildRules = (
			);
			dependencies = (
				79EB92F829AEA87800362ACF /* PBXTargetDependency */,
			);
			name = Menu_App_Fetch_iOSTests;
			productName = Menu_App_Fetch_iOSTests;
			productReference = 79EB92F629AEA87800362ACF /* Menu_App_Fetch_iOSTests.xctest */;
			productType = "com.apple.product-type.bundle.unit-test";
		};
		79EB92FF29AEA87800362ACF /* Menu_App_Fetch_iOSUITests */ = {
			isa = PBXNativeTarget;
			buildConfigurationList = 79EB931029AEA87800362ACF /* Build configuration list for PBXNativeTarget "Menu_App_Fetch_iOSUITests" */;
			buildPhases = (
				79EB92FC29AEA87800362ACF /* Sources */,
				79EB92FD29AEA87800362ACF /* Frameworks */,
				79EB92FE29AEA87800362ACF /* Resources */,
			);
			buildRules = (
			);
			dependencies = (
				79EB930229AEA87800362ACF /* PBXTargetDependency */,
			);
			name = Menu_App_Fetch_iOSUITests;
			productName = Menu_App_Fetch_iOSUITests;
			productReference = 79EB930029AEA87800362ACF /* Menu_App_Fetch_iOSUITests.xctest */;
			productType = "com.apple.product-type.bundle.ui-testing";
		};
/* End PBXNativeTarget section */

/* Begin PBXProject section */
		79EB92D829AEA87400362ACF /* Project object */ = {
			isa = PBXProject;
			attributes = {
				BuildIndependentTargetsInParallel = 1;
				LastSwiftUpdateCheck = 1420;
				LastUpgradeCheck = 1420;
				TargetAttributes = {
					79EB92DF29AEA87400362ACF = {
						CreatedOnToolsVersion = 14.2;
					};
					79EB92F529AEA87800362ACF = {
						CreatedOnToolsVersion = 14.2;
						TestTargetID = 79EB92DF29AEA87400362ACF;
					};
					79EB92FF29AEA87800362ACF = {
						CreatedOnToolsVersion = 14.2;
						TestTargetID = 79EB92DF29AEA87400362ACF;
					};
				};
			};
			buildConfigurationList = 79EB92DB29AEA87400362ACF /* Build configuration list for PBXProject "Menu_App_Fetch_iOS" */;
			compatibilityVersion = "Xcode 14.0";
			developmentRegion = en;
			hasScannedForEncodings = 0;
			knownRegions = (
				en,
				Base,
			);
			mainGroup = 79EB92D729AEA87400362ACF;
			productRefGroup = 79EB92E129AEA87400362ACF /* Products */;
			projectDirPath = "";
			projectRoot = "";
			targets = (
				79EB92DF29AEA87400362ACF /* Menu_App_Fetch_iOS */,
				79EB92F529AEA87800362ACF /* Menu_App_Fetch_iOSTests */,
				79EB92FF29AEA87800362ACF /* Menu_App_Fetch_iOSUITests */,
			);
		};
/* End PBXProject section */

/* Begin PBXResourcesBuildPhase section */
		79EB92DE29AEA87400362ACF /* Resources */ = {
			isa = PBXResourcesBuildPhase;
			buildActionMask = 2147483647;
			files = (
				79EB92F029AEA87800362ACF /* LaunchScreen.storyboard in Resources */,
				79EB92ED29AEA87800362ACF /* Assets.xcassets in Resources */,
				79EB92EB29AEA87400362ACF /* Main.storyboard in Resources */,
			);
			runOnlyForDeploymentPostprocessing = 0;
		};
		79EB92F429AEA87800362ACF /* Resources */ = {
			isa = PBXResourcesBuildPhase;
			buildActionMask = 2147483647;
			files = (
			);
			runOnlyForDeploymentPostprocessing = 0;
		};
		79EB92FE29AEA87800362ACF /* Resources */ = {
			isa = PBXResourcesBuildPhase;
			buildActionMask = 2147483647;
			files = (
			);
			runOnlyForDeploymentPostprocessing = 0;
		};
/* End PBXResourcesBuildPhase section */

/* Begin PBXSourcesBuildPhase section */
		79EB92DC29AEA87400362ACF /* Sources */ = {
			isa = PBXSourcesBuildPhase;
			buildActionMask = 2147483647;
			files = (
				79EB92E829AEA87400362ACF /* ViewController.swift in Sources */,
				79EB92E429AEA87400362ACF /* AppDelegate.swift in Sources */,
				79EB92E629AEA87400362ACF /* SceneDelegate.swift in Sources */,
			);
			runOnlyForDeploymentPostprocessing = 0;
		};
		79EB92F229AEA87800362ACF /* Sources */ = {
			isa = PBXSourcesBuildPhase;
			buildActionMask = 2147483647;
			files = (
				79EB92FB29AEA87800362ACF /* Menu_App_Fetch_iOSTests.swift in Sources */,
			);
			runOnlyForDeploymentPostprocessing = 0;
		};
		79EB92FC29AEA87800362ACF /* Sources */ = {
			isa = PBXSourcesBuildPhase;
			buildActionMask = 2147483647;
			files = (
				79EB930729AEA87800362ACF /* Menu_App_Fetch_iOSUITestsLaunchTests.swift in Sources */,
				79EB930529AEA87800362ACF /* Menu_App_Fetch_iOSUITests.swift in Sources */,
			);
			runOnlyForDeploymentPostprocessing = 0;
		};
/* End PBXSourcesBuildPhase section */

/* Begin PBXTargetDependency section */
		79EB92F829AEA87800362ACF /* PBXTargetDependency */ = {
			isa = PBXTargetDependency;
			target = 79EB92DF29AEA87400362ACF /* Menu_App_Fetch_iOS */;
			targetProxy = 79EB92F729AEA87800362ACF /* PBXContainerItemProxy */;
		};
		79EB930229AEA87800362ACF /* PBXTargetDependency */ = {
			isa = PBXTargetDependency;
			target = 79EB92DF29AEA87400362ACF /* Menu_App_Fetch_iOS */;
			targetProxy = 79EB930129AEA87800362ACF /* PBXContainerItemProxy */;
		};
/* End PBXTargetDependency section */

/* Begin PBXVariantGroup section */
		79EB92E929AEA87400362ACF /* Main.storyboard */ = {
			isa = PBXVariantGroup;
			children = (
				79EB92EA29AEA87400362ACF /* Base */,
			);
			name = Main.storyboard;
			sourceTree = "<group>";
		};
		79EB92EE29AEA87800362ACF /* LaunchScreen.storyboard */ = {
			isa = PBXVariantGroup;
			children = (
				79EB92EF29AEA87800362ACF /* Base */,
			);
			name = LaunchScreen.storyboard;
			sourceTree = "<group>";
		};
/* End PBXVariantGroup section */

/* Begin XCBuildConfiguration section */
		79EB930829AEA87800362ACF /* Debug */ = {
			isa = XCBuildConfiguration;
			buildSettings = {
				ALWAYS_SEARCH_USER_PATHS = NO;
				CLANG_ANALYZER_NONNULL = YES;
				CLANG_ANALYZER_NUMBER_OBJECT_CONVERSION = YES_AGGRESSIVE;
				CLANG_CXX_LANGUAGE_STANDARD = "gnu++20";
				CLANG_ENABLE_MODULES = YES;
				CLANG_ENABLE_OBJC_ARC = YES;
				CLANG_ENABLE_OBJC_WEAK = YES;
				CLANG_WARN_BLOCK_CAPTURE_AUTORELEASING = YES;
				CLANG_WARN_BOOL_CONVERSION = YES;
				CLANG_WARN_COMMA = YES;
				CLANG_WARN_CONSTANT_CONVERSION = YES;
				CLANG_WARN_DEPRECATED_OBJC_IMPLEMENTATIONS = YES;
				CLANG_WARN_DIRECT_OBJC_ISA_USAGE = YES_ERROR;
				CLANG_WARN_DOCUMENTATION_COMMENTS = YES;
				CLANG_WARN_EMPTY_BODY = YES;
				CLANG_WARN_ENUM_CONVERSION = YES;
				CLANG_WARN_INFINITE_RECURSION = YES;
				CLANG_WARN_INT_CONVERSION = YES;
				CLANG_WARN_NON_LITERAL_NULL_CONVERSION = YES;
				CLANG_WARN_OBJC_IMPLICIT_RETAIN_SELF = YES;
				CLANG_WARN_OBJC_LITERAL_CONVERSION = YES;
				CLANG_WARN_OBJC_ROOT_CLASS = YES_ERROR;
				CLANG_WARN_QUOTED_INCLUDE_IN_FRAMEWORK_HEADER = YES;
				CLANG_WARN_RANGE_LOOP_ANALYSIS = YES;
				CLANG_WARN_STRICT_PROTOTYPES = YES;
				CLANG_WARN_SUSPICIOUS_MOVE = YES;
				CLANG_WARN_UNGUARDED_AVAILABILITY = YES_AGGRESSIVE;
				CLANG_WARN_UNREACHABLE_CODE = YES;
				CLANG_WARN__DUPLICATE_METHOD_MATCH = YES;
				COPY_PHASE_STRIP = NO;
				DEBUG_INFORMATION_FORMAT = dwarf;
				ENABLE_STRICT_OBJC_MSGSEND = YES;
				ENABLE_TESTABILITY = YES;
				GCC_C_LANGUAGE_STANDARD = gnu11;
				GCC_DYNAMIC_NO_PIC = NO;
				GCC_NO_COMMON_BLOCKS = YES;
				GCC_OPTIMIZATION_LEVEL = 0;
				GCC_PREPROCESSOR_DEFINITIONS = (
					"DEBUG=1",
					"$(inherited)",
				);
				GCC_WARN_64_TO_32_BIT_CONVERSION = YES;
				GCC_WARN_ABOUT_RETURN_TYPE = YES_ERROR;
				GCC_WARN_UNDECLARED_SELECTOR = YES;
				GCC_WARN_UNINITIALIZED_AUTOS = YES_AGGRESSIVE;
				GCC_WARN_UNUSED_FUNCTION = YES;
				GCC_WARN_UNUSED_VARIABLE = YES;
				IPHONEOS_DEPLOYMENT_TARGET = 16.2;
				MTL_ENABLE_DEBUG_INFO = INCLUDE_SOURCE;
				MTL_FAST_MATH = YES;
				ONLY_ACTIVE_ARCH = YES;
				SDKROOT = iphoneos;
				SWIFT_ACTIVE_COMPILATION_CONDITIONS = DEBUG;
				SWIFT_OPTIMIZATION_LEVEL = "-Onone";
			};
			name = Debug;
		};
		79EB930929AEA87800362ACF /* Release */ = {
			isa = XCBuildConfiguration;
			buildSettings = {
				ALWAYS_SEARCH_USER_PATHS = NO;
				CLANG_ANALYZER_NONNULL = YES;
				CLANG_ANALYZER_NUMBER_OBJECT_CONVERSION = YES_AGGRESSIVE;
				CLANG_CXX_LANGUAGE_STANDARD = "gnu++20";
				CLANG_ENABLE_MODULES = YES;
				CLANG_ENABLE_OBJC_ARC = YES;
				CLANG_ENABLE_OBJC_WEAK = YES;
				CLANG_WARN_BLOCK_CAPTURE_AUTORELEASING = YES;
				CLANG_WARN_BOOL_CONVERSION = YES;
				CLANG_WARN_COMMA = YES;
				CLANG_WARN_CONSTANT_CONVERSION = YES;
				CLANG_WARN_DEPRECATED_OBJC_IMPLEMENTATIONS = YES;
				CLANG_WARN_DIRECT_OBJC_ISA_USAGE = YES_ERROR;
				CLANG_WARN_DOCUMENTATION_COMMENTS = YES;
				CLANG_WARN_EMPTY_BODY = YES;
				CLANG_WARN_ENUM_CONVERSION = YES;
				CLANG_WARN_INFINITE_RECURSION = YES;
				CLANG_WARN_INT_CONVERSION = YES;
				CLANG_WARN_NON_LITERAL_NULL_CONVERSION = YES;
				CLANG_WARN_OBJC_IMPLICIT_RETAIN_SELF = YES;
				CLANG_WARN_OBJC_LITERAL_CONVERSION = YES;
				CLANG_WARN_OBJC_ROOT_CLASS = YES_ERROR;
				CLANG_WARN_QUOTED_INCLUDE_IN_FRAMEWORK_HEADER = YES;
				CLANG_WARN_RANGE_LOOP_ANALYSIS = YES;
				CLANG_WARN_STRICT_PROTOTYPES = YES;
				CLANG_WARN_SUSPICIOUS_MOVE = YES;
				CLANG_WARN_UNGUARDED_AVAILABILITY = YES_AGGRESSIVE;
				CLANG_WARN_UNREACHABLE_CODE = YES;
				CLANG_WARN__DUPLICATE_METHOD_MATCH = YES;
				COPY_PHASE_STRIP = NO;
				DEBUG_INFORMATION_FORMAT = "dwarf-with-dsym";
				ENABLE_NS_ASSERTIONS = NO;
				ENABLE_STRICT_OBJC_MSGSEND = YES;
				GCC_C_LANGUAGE_STANDARD = gnu11;
				GCC_NO_COMMON_BLOCKS = YES;
				GCC_WARN_64_TO_32_BIT_CONVERSION = YES;
				GCC_WARN_ABOUT_RETURN_TYPE = YES_ERROR;
				GCC_WARN_UNDECLARED_SELECTOR = YES;
				GCC_WARN_UNINITIALIZED_AUTOS = YES_AGGRESSIVE;
				GCC_WARN_UNUSED_FUNCTION = YES;
				GCC_WARN_UNUSED_VARIABLE = YES;
				IPHONEOS_DEPLOYMENT_TARGET = 16.2;
				MTL_ENABLE_DEBUG_INFO = NO;
				MTL_FAST_MATH = YES;
				SDKROOT = iphoneos;
				SWIFT_COMPILATION_MODE = wholemodule;
				SWIFT_OPTIMIZATION_LEVEL = "-O";
				VALIDATE_PRODUCT = YES;
			};
			name = Release;
		};
		79EB930B29AEA87800362ACF /* Debug */ = {
			isa = XCBuildConfiguration;
			buildSettings = {
				ASSETCATALOG_COMPILER_APPICON_NAME = AppIcon;
				ASSETCATALOG_COMPILER_GLOBAL_ACCENT_COLOR_NAME = AccentColor;
				CODE_SIGN_STYLE = Automatic;
				CURRENT_PROJECT_VERSION = 1;
				DEVELOPMENT_TEAM = 5787PMJ4HH;
				GENERATE_INFOPLIST_FILE = YES;
				INFOPLIST_FILE = Menu_App_Fetch_iOS/Info.plist;
				INFOPLIST_KEY_UIApplicationSupportsIndirectInputEvents = YES;
				INFOPLIST_KEY_UILaunchStoryboardName = LaunchScreen;
				INFOPLIST_KEY_UIMainStoryboardFile = Main;
				INFOPLIST_KEY_UISupportedInterfaceOrientations_iPad = "UIInterfaceOrientationPortrait UIInterfaceOrientationPortraitUpsideDown UIInterfaceOrientationLandscapeLeft UIInterfaceOrientationLandscapeRight";
				INFOPLIST_KEY_UISupportedInterfaceOrientations_iPhone = "UIInterfaceOrientationPortrait UIInterfaceOrientationLandscapeLeft UIInterfaceOrientationLandscapeRight";
				LD_RUNPATH_SEARCH_PATHS = (
					"$(inherited)",
					"@executable_path/Frameworks",
				);
				MARKETING_VERSION = 1.0;
				PRODUCT_BUNDLE_IDENTIFIER = "andresHernandez.Menu-App-Fetch-iOS";
				PRODUCT_NAME = "$(TARGET_NAME)";
				SWIFT_EMIT_LOC_STRINGS = YES;
				SWIFT_VERSION = 5.0;
				TARGETED_DEVICE_FAMILY = "1,2";
			};
			name = Debug;
		};
		79EB930C29AEA87800362ACF /* Release */ = {
			isa = XCBuildConfiguration;
			buildSettings = {
				ASSETCATALOG_COMPILER_APPICON_NAME = AppIcon;
				ASSETCATALOG_COMPILER_GLOBAL_ACCENT_COLOR_NAME = AccentColor;
				CODE_SIGN_STYLE = Automatic;
				CURRENT_PROJECT_VERSION = 1;
				DEVELOPMENT_TEAM = 5787PMJ4HH;
				GENERATE_INFOPLIST_FILE = YES;
				INFOPLIST_FILE = Menu_App_Fetch_iOS/Info.plist;
				INFOPLIST_KEY_UIApplicationSupportsIndirectInputEvents = YES;
				INFOPLIST_KEY_UILaunchStoryboardName = LaunchScreen;
				INFOPLIST_KEY_UIMainStoryboardFile = Main;
				INFOPLIST_KEY_UISupportedInterfaceOrientations_iPad = "UIInterfaceOrientationPortrait UIInterfaceOrientationPortraitUpsideDown UIInterfaceOrientationLandscapeLeft UIInterfaceOrientationLandscapeRight";
				INFOPLIST_KEY_UISupportedInterfaceOrientations_iPhone = "UIInterfaceOrientationPortrait UIInterfaceOrientationLandscapeLeft UIInterfaceOrientationLandscapeRight";
				LD_RUNPATH_SEARCH_PATHS = (
					"$(inherited)",
					"@executable_path/Frameworks",
				);
				MARKETING_VERSION = 1.0;
				PRODUCT_BUNDLE_IDENTIFIER = "andresHernandez.Menu-App-Fetch-iOS";
				PRODUCT_NAME = "$(TARGET_NAME)";
				SWIFT_EMIT_LOC_STRINGS = YES;
				SWIFT_VERSION = 5.0;
				TARGETED_DEVICE_FAMILY = "1,2";
			};
			name = Release;
		};
		79EB930E29AEA87800362ACF /* Debug */ = {
			isa = XCBuildConfiguration;
			buildSettings = {
				ALWAYS_EMBED_SWIFT_STANDARD_LIBRARIES = YES;
				BUNDLE_LOADER = "$(TEST_HOST)";
				CODE_SIGN_STYLE = Automatic;
				CURRENT_PROJECT_VERSION = 1;
				DEVELOPMENT_TEAM = 5787PMJ4HH;
				GENERATE_INFOPLIST_FILE = YES;
				IPHONEOS_DEPLOYMENT_TARGET = 16.2;
				MARKETING_VERSION = 1.0;
				PRODUCT_BUNDLE_IDENTIFIER = "andresHernandez.Menu-App-Fetch-iOSTests";
				PRODUCT_NAME = "$(TARGET_NAME)";
				SWIFT_EMIT_LOC_STRINGS = NO;
				SWIFT_VERSION = 5.0;
				TARGETED_DEVICE_FAMILY = "1,2";
				TEST_HOST = "$(BUILT_PRODUCTS_DIR)/Menu_App_Fetch_iOS.app/$(BUNDLE_EXECUTABLE_FOLDER_PATH)/Menu_App_Fetch_iOS";
			};
			name = Debug;
		};
		79EB930F29AEA87800362ACF /* Release */ = {
			isa = XCBuildConfiguration;
			buildSettings = {
				ALWAYS_EMBED_SWIFT_STANDARD_LIBRARIES = YES;
				BUNDLE_LOADER = "$(TEST_HOST)";
				CODE_SIGN_STYLE = Automatic;
				CURRENT_PROJECT_VERSION = 1;
				DEVELOPMENT_TEAM = 5787PMJ4HH;
				GENERATE_INFOPLIST_FILE = YES;
				IPHONEOS_DEPLOYMENT_TARGET = 16.2;
				MARKETING_VERSION = 1.0;
				PRODUCT_BUNDLE_IDENTIFIER = "andresHernandez.Menu-App-Fetch-iOSTests";
				PRODUCT_NAME = "$(TARGET_NAME)";
				SWIFT_EMIT_LOC_STRINGS = NO;
				SWIFT_VERSION = 5.0;
				TARGETED_DEVICE_FAMILY = "1,2";
				TEST_HOST = "$(BUILT_PRODUCTS_DIR)/Menu_App_Fetch_iOS.app/$(BUNDLE_EXECUTABLE_FOLDER_PATH)/Menu_App_Fetch_iOS";
			};
			name = Release;
		};
		79EB931129AEA87800362ACF /* Debug */ = {
			isa = XCBuildConfiguration;
			buildSettings = {
				ALWAYS_EMBED_SWIFT_STANDARD_LIBRARIES = YES;
				CODE_SIGN_STYLE = Automatic;
				CURRENT_PROJECT_VERSION = 1;
				DEVELOPMENT_TEAM = 5787PMJ4HH;
				GENERATE_INFOPLIST_FILE = YES;
				MARKETING_VERSION = 1.0;
				PRODUCT_BUNDLE_IDENTIFIER = "andresHernandez.Menu-App-Fetch-iOSUITests";
				PRODUCT_NAME = "$(TARGET_NAME)";
				SWIFT_EMIT_LOC_STRINGS = NO;
				SWIFT_VERSION = 5.0;
				TARGETED_DEVICE_FAMILY = "1,2";
				TEST_TARGET_NAME = Menu_App_Fetch_iOS;
			};
			name = Debug;
		};
		79EB931229AEA87800362ACF /* Release */ = {
			isa = XCBuildConfiguration;
			buildSettings = {
				ALWAYS_EMBED_SWIFT_STANDARD_LIBRARIES = YES;
				CODE_SIGN_STYLE = Automatic;
				CURRENT_PROJECT_VERSION = 1;
				DEVELOPMENT_TEAM = 5787PMJ4HH;
				GENERATE_INFOPLIST_FILE = YES;
				MARKETING_VERSION = 1.0;
				PRODUCT_BUNDLE_IDENTIFIER = "andresHernandez.Menu-App-Fetch-iOSUITests";
				PRODUCT_NAME = "$(TARGET_NAME)";
				SWIFT_EMIT_LOC_STRINGS = NO;
				SWIFT_VERSION = 5.0;
				TARGETED_DEVICE_FAMILY = "1,2";
				TEST_TARGET_NAME = Menu_App_Fetch_iOS;
			};
			name = Release;
		};
/* End XCBuildConfiguration section */

/* Begin XCConfigurationList section */
		79EB92DB29AEA87400362ACF /* Build configuration list for PBXProject "Menu_App_Fetch_iOS" */ = {
			isa = XCConfigurationList;
			buildConfigurations = (
				79EB930829AEA87800362ACF /* Debug */,
				79EB930929AEA87800362ACF /* Release */,
			);
			defaultConfigurationIsVisible = 0;
			defaultConfigurationName = Release;
		};
		79EB930A29AEA87800362ACF /* Build configuration list for PBXNativeTarget "Menu_App_Fetch_iOS" */ = {
			isa = XCConfigurationList;
			buildConfigurations = (
				79EB930B29AEA87800362ACF /* Debug */,
				79EB930C29AEA87800362ACF /* Release */,
			);
			defaultConfigurationIsVisible = 0;
			defaultConfigurationName = Release;
		};
		79EB930D29AEA87800362ACF /* Build configuration list for PBXNativeTarget "Menu_App_Fetch_iOSTests" */ = {
			isa = XCConfigurationList;
			buildConfigurations = (
				79EB930E29AEA87800362ACF /* Debug */,
				79EB930F29AEA87800362ACF /* Release */,
			);
			defaultConfigurationIsVisible = 0;
			defaultConfigurationName = Release;
		};
		79EB931029AEA87800362ACF /* Build configuration list for PBXNativeTarget "Menu_App_Fetch_iOSUITests" */ = {
			isa = XCConfigurationList;
			buildConfigurations = (
				79EB931129AEA87800362ACF /* Debug */,
				79EB931229AEA87800362ACF /* Release */,
			);
			defaultConfigurationIsVisible = 0;
			defaultConfigurationName = Release;
		};
/* End XCConfigurationList section */
	};
	rootObject = 79EB92D829AEA87400362ACF /* Project object */;
}
